
Microsoft Visual Studio Solution File, Format Version 12.00
# Visual Studio Version 16
VisualStudioVersion = 16.0.31005.135
MinimumVisualStudioVersion = 10.0.40219.1
Project("{FAE04EC0-301F-11D3-BF4B-00C04F79EFBC}") = "tarea ejemplo", "tarea ejemplo.csproj", "{34D9C077-4139-48B9-98E2-CA0592D33338}"
EndProject
Global
	GlobalSection(SolutionConfigurationPlatforms) = preSolution
		Debug|Any CPU = Debug|Any CPU
		Release|Any CPU = Release|Any CPU
	EndGlobalSection
	GlobalSection(ProjectConfigurationPlatforms) = postSolution
		{34D9C077-4139-48B9-98E2-CA0592D33338}.Debug|Any CPU.ActiveCfg = Debug|Any CPU
		{34D9C077-4139-48B9-98E2-CA0592D33338}.Debug|Any CPU.Build.0 = Debug|Any CPU
		{34D9C077-4139-48B9-98E2-CA0592D33338}.Release|Any CPU.ActiveCfg = Release|Any CPU
		{34D9C077-4139-48B9-98E2-CA0592D33338}.Release|Any CPU.Build.0 = Release|Any CPU
	EndGlobalSection
	GlobalSection(SolutionProperties) = preSolution
		HideSolutionNode = FALSE
	EndGlobalSection
	GlobalSection(ExtensibilityGlobals) = postSolution
		SolutionGuid = {5AE12E4D-CC4B-4EE1-827C-C0E0EF0470E3}
	EndGlobalSection
EndGlobal
